# This file is automatically @generated by Cargo.
# It is not intended for manual editing.
version = 4

[[package]]
name = "cfg-if"
version = "1.0.0"
source = "registry+https://github.com/rust-lang/crates.io-index"
checksum = "baf1de4339761588bc0619e3cbc0120ee582ebb74b53b4efbf79117bd2da40fd"

[[package]]
name = "cpp_demangle"
version = "0.5.1"
source = "registry+https://github.com/rust-lang/crates.io-index"
checksum = "0667304c32ea56cb4cd6d2d7c0cfe9a2f8041229db8c033af7f8d69492429def"
dependencies = [
 "cfg-if",
]

[[package]]
name = "demangle-c"
version = "0.1.0"
dependencies = [
 "cpp_demangle",
]
